
Microsoft Visual Studio Solution File, Format Version 12.00
# Visual Studio 15
VisualStudioVersion = 15.0.28307.572
MinimumVisualStudioVersion = 10.0.40219.1
Project("{FAE04EC0-301F-11D3-BF4B-00C04F79EFBC}") = "SPWeb", "SPWeb\SPWeb.csproj", "{EF7D37D7-9F73-4B7C-BF1B-28E38E1CA514}"
EndProject
Global
	GlobalSection(SolutionConfigurationPlatforms) = preSolution
		Debug|Any CPU = Debug|Any CPU
		Release|Any CPU = Release|Any CPU
	EndGlobalSection
	GlobalSection(ProjectConfigurationPlatforms) = postSolution
		{EF7D37D7-9F73-4B7C-BF1B-28E38E1CA514}.Debug|Any CPU.ActiveCfg = Debug|Any CPU
		{EF7D37D7-9F73-4B7C-BF1B-28E38E1CA514}.Debug|Any CPU.Build.0 = Debug|Any CPU
		{EF7D37D7-9F73-4B7C-BF1B-28E38E1CA514}.Release|Any CPU.ActiveCfg = Release|Any CPU
		{EF7D37D7-9F73-4B7C-BF1B-28E38E1CA514}.Release|Any CPU.Build.0 = Release|Any CPU
	EndGlobalSection
	GlobalSection(SolutionProperties) = preSolution
		HideSolutionNode = FALSE
	EndGlobalSection
	GlobalSection(ExtensibilityGlobals) = postSolution
		SolutionGuid = {CF8FF911-A32E-4FCB-BB53-5ECBBDB753CF}
	EndGlobalSection
EndGlobal
